// !$*UTF8*$!
{
	archiveVersion = 1;
	classes = {
	};
	objectVersion = 77;
	objects = {

/* Begin PBXBuildFile section */
		6F39EC6E2D2CC4A800044D92 /* FirebaseAnalytics in Frameworks */ = {isa = PBXBuildFile; productRef = 6F39EC6D2D2CC4A800044D92 /* FirebaseAnalytics */; };
		6F39EC702D2CCF5200044D92 /* FirebaseAnalyticsOnDeviceConversion in Frameworks */ = {isa = PBXBuildFile; productRef = 6F39EC6F2D2CCF5200044D92 /* FirebaseAnalyticsOnDeviceConversion */; };
		6F39EC722D2CCF5200044D92 /* FirebaseAnalyticsWithoutAdIdSupport in Frameworks */ = {isa = PBXBuildFile; productRef = 6F39EC712D2CCF5200044D92 /* FirebaseAnalyticsWithoutAdIdSupport */; };
		6F39EC742D2CCF5200044D92 /* FirebaseAppCheck in Frameworks */ = {isa = PBXBuildFile; productRef = 6F39EC732D2CCF5200044D92 /* FirebaseAppCheck */; };
		6F39EC762D2CCF5200044D92 /* FirebaseAppDistribution-Beta in Frameworks */ = {isa = PBXBuildFile; productRef = 6F39EC752D2CCF5200044D92 /* FirebaseAppDistribution-Beta */; };
		6F39EC8C2D2CEF7800044D92 /* FirebaseFirestore in Frameworks */ = {isa = PBXBuildFile; productRef = 6F39EC8B2D2CEF7800044D92 /* FirebaseFirestore */; };
		6F6F267F2D1550F50062E9DF /* HealthKit.framework in Frameworks */ = {isa = PBXBuildFile; fileRef = 6F6F267E2D1550F50062E9DF /* HealthKit.framework */; };
		6F6F26812D1551010062E9DF /* HealthKitUI.framework in Frameworks */ = {isa = PBXBuildFile; fileRef = 6F6F26802D1551010062E9DF /* HealthKitUI.framework */; platformFilters = (ios, xros, ); };
		6F93C9F52D2BA00300C8E789 /* CloudKit.framework in Frameworks */ = {isa = PBXBuildFile; fileRef = 6F93C9F42D2BA00300C8E789 /* CloudKit.framework */; };
		6F9B6D352D378F2600201EC3 /* FirebaseAuth in Frameworks */ = {isa = PBXBuildFile; productRef = 6F9B6D342D378F2600201EC3 /* FirebaseAuth */; };
		6F9B6D372D378F2600201EC3 /* FirebaseAuthCombine-Community in Frameworks */ = {isa = PBXBuildFile; productRef = 6F9B6D362D378F2600201EC3 /* FirebaseAuthCombine-Community */; };
		6FC0AE5F2D34CA3C00A9DABB /* Charts.framework in Frameworks */ = {isa = PBXBuildFile; fileRef = 6FC0AE5E2D34CA3C00A9DABB /* Charts.framework */; };
		6FC771362D3FEC1D00CA7BBF /* ZIPFoundation in Frameworks */ = {isa = PBXBuildFile; productRef = 6FC771352D3FEC1D00CA7BBF /* ZIPFoundation */; };
/* End PBXBuildFile section */

/* Begin PBXContainerItemProxy section */
		6FA58A282D14F2E2000EB4FF /* PBXContainerItemProxy */ = {
			isa = PBXContainerItemProxy;
			containerPortal = 6FA58A0E2D14F2E1000EB4FF /* Project object */;
			proxyType = 1;
			remoteGlobalIDString = 6FA58A152D14F2E1000EB4FF;
			remoteInfo = PDS_App;
		};
		6FA58A322D14F2E2000EB4FF /* PBXContainerItemProxy */ = {
			isa = PBXContainerItemProxy;
			containerPortal = 6FA58A0E2D14F2E1000EB4FF /* Project object */;
			proxyType = 1;
			remoteGlobalIDString = 6FA58A152D14F2E1000EB4FF;
			remoteInfo = PDS_App;
		};
/* End PBXContainerItemProxy section */

/* Begin PBXFileReference section */
		6F6F267E2D1550F50062E9DF /* HealthKit.framework */ = {isa = PBXFileReference; lastKnownFileType = wrapper.framework; name = HealthKit.framework; path = Platforms/iPhoneOS.platform/Developer/SDKs/iPhoneOS18.2.sdk/System/Library/Frameworks/HealthKit.framework; sourceTree = DEVELOPER_DIR; };
		6F6F26802D1551010062E9DF /* HealthKitUI.framework */ = {isa = PBXFileReference; lastKnownFileType = wrapper.framework; name = HealthKitUI.framework; path = Platforms/iPhoneOS.platform/Developer/SDKs/iPhoneOS18.2.sdk/System/Library/Frameworks/HealthKitUI.framework; sourceTree = DEVELOPER_DIR; };
		6F93C9F42D2BA00300C8E789 /* CloudKit.framework */ = {isa = PBXFileReference; lastKnownFileType = wrapper.framework; name = CloudKit.framework; path = Platforms/iPhoneOS.platform/Developer/SDKs/iPhoneOS18.2.sdk/System/Library/Frameworks/CloudKit.framework; sourceTree = DEVELOPER_DIR; };
		6FA58A162D14F2E1000EB4FF /* PDS_App.app */ = {isa = PBXFileReference; explicitFileType = wrapper.application; includeInIndex = 0; path = PDS_App.app; sourceTree = BUILT_PRODUCTS_DIR; };
		6FA58A272D14F2E2000EB4FF /* PDS_AppTests.xctest */ = {isa = PBXFileReference; explicitFileType = wrapper.cfbundle; includeInIndex = 0; path = PDS_AppTests.xctest; sourceTree = BUILT_PRODUCTS_DIR; };
		6FA58A312D14F2E2000EB4FF /* PDS_AppUITests.xctest */ = {isa = PBXFileReference; explicitFileType = wrapper.cfbundle; includeInIndex = 0; path = PDS_AppUITests.xctest; sourceTree = BUILT_PRODUCTS_DIR; };
		6FC0AE5E2D34CA3C00A9DABB /* Charts.framework */ = {isa = PBXFileReference; lastKnownFileType = wrapper.framework; name = Charts.framework; path = Platforms/iPhoneOS.platform/Developer/SDKs/iPhoneOS18.2.sdk/System/Library/Frameworks/Charts.framework; sourceTree = DEVELOPER_DIR; };
/* End PBXFileReference section */

/* Begin PBXFileSystemSynchronizedBuildFileExceptionSet section */
		6FC083652D310CA1001A59F5 /* Exceptions for "PDS_App" folder in "PDS_AppTests" target */ = {
			isa = PBXFileSystemSynchronizedBuildFileExceptionSet;
			membershipExceptions = (
				"GoogleService-Info.plist",
			);
			target = 6FA58A262D14F2E2000EB4FF /* PDS_AppTests */;
		};
		6FC083662D310CA1001A59F5 /* Exceptions for "PDS_App" folder in "PDS_AppUITests" target */ = {
			isa = PBXFileSystemSynchronizedBuildFileExceptionSet;
			membershipExceptions = (
				"GoogleService-Info.plist",
			);
			target = 6FA58A302D14F2E2000EB4FF /* PDS_AppUITests */;
		};
/* End PBXFileSystemSynchronizedBuildFileExceptionSet section */

/* Begin PBXFileSystemSynchronizedRootGroup section */
		6FA58A182D14F2E1000EB4FF /* PDS_App */ = {
			isa = PBXFileSystemSynchronizedRootGroup;
			exceptions = (
				6FC083652D310CA1001A59F5 /* Exceptions for "PDS_App" folder in "PDS_AppTests" target */,
				6FC083662D310CA1001A59F5 /* Exceptions for "PDS_App" folder in "PDS_AppUITests" target */,
			);
			path = PDS_App;
			sourceTree = "<group>";
		};
		6FA58A2A2D14F2E2000EB4FF /* PDS_AppTests */ = {
			isa = PBXFileSystemSynchronizedRootGroup;
			path = PDS_AppTests;
			sourceTree = "<group>";
		};
		6FA58A342D14F2E2000EB4FF /* PDS_AppUITests */ = {
			isa = PBXFileSystemSynchronizedRootGroup;
			path = PDS_AppUITests;
			sourceTree = "<group>";
		};
/* End PBXFileSystemSynchronizedRootGroup section */

/* Begin PBXFrameworksBuildPhase section */
		6FA58A132D14F2E1000EB4FF /* Frameworks */ = {
			isa = PBXFrameworksBuildPhase;
			buildActionMask = 2147483647;
			files = (
				6F93C9F52D2BA00300C8E789 /* CloudKit.framework in Frameworks */,
				6F39EC722D2CCF5200044D92 /* FirebaseAnalyticsWithoutAdIdSupport in Frameworks */,
				6F6F267F2D1550F50062E9DF /* HealthKit.framework in Frameworks */,
				6F39EC702D2CCF5200044D92 /* FirebaseAnalyticsOnDeviceConversion in Frameworks */,
				6F39EC742D2CCF5200044D92 /* FirebaseAppCheck in Frameworks */,
				6F39EC8C2D2CEF7800044D92 /* FirebaseFirestore in Frameworks */,
				6F39EC6E2D2CC4A800044D92 /* FirebaseAnalytics in Frameworks */,
				6F9B6D372D378F2600201EC3 /* FirebaseAuthCombine-Community in Frameworks */,
				6F9B6D352D378F2600201EC3 /* FirebaseAuth in Frameworks */,
				6FC0AE5F2D34CA3C00A9DABB /* Charts.framework in Frameworks */,
				6F6F26812D1551010062E9DF /* HealthKitUI.framework in Frameworks */,
				6FC771362D3FEC1D00CA7BBF /* ZIPFoundation in Frameworks */,
				6F39EC762D2CCF5200044D92 /* FirebaseAppDistribution-Beta in Frameworks */,
			);
			runOnlyForDeploymentPostprocessing = 0;
		};
		6FA58A242D14F2E2000EB4FF /* Frameworks */ = {
			isa = PBXFrameworksBuildPhase;
			buildActionMask = 2147483647;
			files = (
			);
			runOnlyForDeploymentPostprocessing = 0;
		};
		6FA58A2E2D14F2E2000EB4FF /* Frameworks */ = {
			isa = PBXFrameworksBuildPhase;
			buildActionMask = 2147483647;
			files = (
			);
			runOnlyForDeploymentPostprocessing = 0;
		};
/* End PBXFrameworksBuildPhase section */

/* Begin PBXGroup section */
		6F6F267D2D1550F50062E9DF /* Frameworks */ = {
			isa = PBXGroup;
			children = (
				6FC0AE5E2D34CA3C00A9DABB /* Charts.framework */,
				6F93C9F42D2BA00300C8E789 /* CloudKit.framework */,
				6F6F26802D1551010062E9DF /* HealthKitUI.framework */,
				6F6F267E2D1550F50062E9DF /* HealthKit.framework */,
			);
			name = Frameworks;
			sourceTree = "<group>";
		};
		6FA58A0D2D14F2E1000EB4FF = {
			isa = PBXGroup;
			children = (
				6FA58A182D14F2E1000EB4FF /* PDS_App */,
				6FA58A2A2D14F2E2000EB4FF /* PDS_AppTests */,
				6FA58A342D14F2E2000EB4FF /* PDS_AppUITests */,
				6F6F267D2D1550F50062E9DF /* Frameworks */,
				6FA58A172D14F2E1000EB4FF /* Products */,
			);
			sourceTree = "<group>";
		};
		6FA58A172D14F2E1000EB4FF /* Products */ = {
			isa = PBXGroup;
			children = (
				6FA58A162D14F2E1000EB4FF /* PDS_App.app */,
				6FA58A272D14F2E2000EB4FF /* PDS_AppTests.xctest */,
				6FA58A312D14F2E2000EB4FF /* PDS_AppUITests.xctest */,
			);
			name = Products;
			sourceTree = "<group>";
		};
/* End PBXGroup section */

/* Begin PBXNativeTarget section */
		6FA58A152D14F2E1000EB4FF /* PDS_App */ = {
			isa = PBXNativeTarget;
			buildConfigurationList = 6FA58A3B2D14F2E2000EB4FF /* Build configuration list for PBXNativeTarget "PDS_App" */;
			buildPhases = (
				6FA58A122D14F2E1000EB4FF /* Sources */,
				6FA58A132D14F2E1000EB4FF /* Frameworks */,
				6FA58A142D14F2E1000EB4FF /* Resources */,
			);
			buildRules = (
			);
			dependencies = (
			);
			fileSystemSynchronizedGroups = (
				6FA58A182D14F2E1000EB4FF /* PDS_App */,
			);
			name = PDS_App;
			packageProductDependencies = (
				6F39EC6D2D2CC4A800044D92 /* FirebaseAnalytics */,
				6F39EC6F2D2CCF5200044D92 /* FirebaseAnalyticsOnDeviceConversion */,
				6F39EC712D2CCF5200044D92 /* FirebaseAnalyticsWithoutAdIdSupport */,
				6F39EC732D2CCF5200044D92 /* FirebaseAppCheck */,
				6F39EC752D2CCF5200044D92 /* FirebaseAppDistribution-Beta */,
				6F39EC8B2D2CEF7800044D92 /* FirebaseFirestore */,
				6F9B6D342D378F2600201EC3 /* FirebaseAuth */,
				6F9B6D362D378F2600201EC3 /* FirebaseAuthCombine-Community */,
				6FC771352D3FEC1D00CA7BBF /* ZIPFoundation */,
			);
			productName = PDS_App;
			productReference = 6FA58A162D14F2E1000EB4FF /* PDS_App.app */;
			productType = "com.apple.product-type.application";
		};
		6FA58A262D14F2E2000EB4FF /* PDS_AppTests */ = {
			isa = PBXNativeTarget;
			buildConfigurationList = 6FA58A3E2D14F2E2000EB4FF /* Build configuration list for PBXNativeTarget "PDS_AppTests" */;
			buildPhases = (
				6FA58A232D14F2E2000EB4FF /* Sources */,
				6FA58A242D14F2E2000EB4FF /* Frameworks */,
				6FA58A252D14F2E2000EB4FF /* Resources */,
			);
			buildRules = (
			);
			dependencies = (
				6FA58A292D14F2E2000EB4FF /* PBXTargetDependency */,
			);
			fileSystemSynchronizedGroups = (
				6FA58A2A2D14F2E2000EB4FF /* PDS_AppTests */,
			);
			name = PDS_AppTests;
			packageProductDependencies = (
			);
			productName = PDS_AppTests;
			productReference = 6FA58A272D14F2E2000EB4FF /* PDS_AppTests.xctest */;
			productType = "com.apple.product-type.bundle.unit-test";
		};
		6FA58A302D14F2E2000EB4FF /* PDS_AppUITests */ = {
			isa = PBXNativeTarget;
			buildConfigurationList = 6FA58A412D14F2E2000EB4FF /* Build configuration list for PBXNativeTarget "PDS_AppUITests" */;
			buildPhases = (
				6FA58A2D2D14F2E2000EB4FF /* Sources */,
				6FA58A2E2D14F2E2000EB4FF /* Frameworks */,
				6FA58A2F2D14F2E2000EB4FF /* Resources */,
			);
			buildRules = (
			);
			dependencies = (
				6FA58A332D14F2E2000EB4FF /* PBXTargetDependency */,
			);
			fileSystemSynchronizedGroups = (
				6FA58A342D14F2E2000EB4FF /* PDS_AppUITests */,
			);
			name = PDS_AppUITests;
			packageProductDependencies = (
			);
			productName = PDS_AppUITests;
			productReference = 6FA58A312D14F2E2000EB4FF /* PDS_AppUITests.xctest */;
			productType = "com.apple.product-type.bundle.ui-testing";
		};
/* End PBXNativeTarget section */

/* Begin PBXProject section */
		6FA58A0E2D14F2E1000EB4FF /* Project object */ = {
			isa = PBXProject;
			attributes = {
				BuildIndependentTargetsInParallel = 1;
				LastSwiftUpdateCheck = 1620;
				LastUpgradeCheck = 1620;
				TargetAttributes = {
					6FA58A152D14F2E1000EB4FF = {
						CreatedOnToolsVersion = 16.2;
					};
					6FA58A262D14F2E2000EB4FF = {
						CreatedOnToolsVersion = 16.2;
						TestTargetID = 6FA58A152D14F2E1000EB4FF;
					};
					6FA58A302D14F2E2000EB4FF = {
						CreatedOnToolsVersion = 16.2;
						TestTargetID = 6FA58A152D14F2E1000EB4FF;
					};
				};
			};
			buildConfigurationList = 6FA58A112D14F2E1000EB4FF /* Build configuration list for PBXProject "PDS_App" */;
			developmentRegion = en;
			hasScannedForEncodings = 0;
			knownRegions = (
				en,
				Base,
			);
			mainGroup = 6FA58A0D2D14F2E1000EB4FF;
			minimizedProjectReferenceProxies = 1;
			packageReferences = (
				6F39EC6C2D2CC4A800044D92 /* XCRemoteSwiftPackageReference "firebase-ios-sdk" */,
				6FC771342D3FEC1D00CA7BBF /* XCRemoteSwiftPackageReference "ZIPFoundation" */,
			);
			preferredProjectObjectVersion = 77;
			productRefGroup = 6FA58A172D14F2E1000EB4FF /* Products */;
			projectDirPath = "";
			projectRoot = "";
			targets = (
				6FA58A152D14F2E1000EB4FF /* PDS_App */,
				6FA58A262D14F2E2000EB4FF /* PDS_AppTests */,
				6FA58A302D14F2E2000EB4FF /* PDS_AppUITests */,
			);
		};
/* End PBXProject section */

/* Begin PBXResourcesBuildPhase section */
		6FA58A142D14F2E1000EB4FF /* Resources */ = {
			isa = PBXResourcesBuildPhase;
			buildActionMask = 2147483647;
			files = (
			);
			runOnlyForDeploymentPostprocessing = 0;
		};
		6FA58A252D14F2E2000EB4FF /* Resources */ = {
			isa = PBXResourcesBuildPhase;
			buildActionMask = 2147483647;
			files = (
			);
			runOnlyForDeploymentPostprocessing = 0;
		};
		6FA58A2F2D14F2E2000EB4FF /* Resources */ = {
			isa = PBXResourcesBuildPhase;
			buildActionMask = 2147483647;
			files = (
			);
			runOnlyForDeploymentPostprocessing = 0;
		};
/* End PBXResourcesBuildPhase section */

/* Begin PBXSourcesBuildPhase section */
		6FA58A122D14F2E1000EB4FF /* Sources */ = {
			isa = PBXSourcesBuildPhase;
			buildActionMask = 2147483647;
			files = (
			);
			runOnlyForDeploymentPostprocessing = 0;
		};
		6FA58A232D14F2E2000EB4FF /* Sources */ = {
			isa = PBXSourcesBuildPhase;
			buildActionMask = 2147483647;
			files = (
			);
			runOnlyForDeploymentPostprocessing = 0;
		};
		6FA58A2D2D14F2E2000EB4FF /* Sources */ = {
			isa = PBXSourcesBuildPhase;
			buildActionMask = 2147483647;
			files = (
			);
			runOnlyForDeploymentPostprocessing = 0;
		};
/* End PBXSourcesBuildPhase section */

/* Begin PBXTargetDependency section */
		6FA58A292D14F2E2000EB4FF /* PBXTargetDependency */ = {
			isa = PBXTargetDependency;
			target = 6FA58A152D14F2E1000EB4FF /* PDS_App */;
			targetProxy = 6FA58A282D14F2E2000EB4FF /* PBXContainerItemProxy */;
		};
		6FA58A332D14F2E2000EB4FF /* PBXTargetDependency */ = {
			isa = PBXTargetDependency;
			target = 6FA58A152D14F2E1000EB4FF /* PDS_App */;
			targetProxy = 6FA58A322D14F2E2000EB4FF /* PBXContainerItemProxy */;
		};
/* End PBXTargetDependency section */

/* Begin XCBuildConfiguration section */
		6FA58A392D14F2E2000EB4FF /* Debug */ = {
			isa = XCBuildConfiguration;
			buildSettings = {
				ALWAYS_SEARCH_USER_PATHS = NO;
				ASSETCATALOG_COMPILER_GENERATE_SWIFT_ASSET_SYMBOL_EXTENSIONS = YES;
				CLANG_ANALYZER_NONNULL = YES;
				CLANG_ANALYZER_NUMBER_OBJECT_CONVERSION = YES_AGGRESSIVE;
				CLANG_CXX_LANGUAGE_STANDARD = "gnu++20";
				CLANG_ENABLE_MODULES = YES;
				CLANG_ENABLE_OBJC_ARC = YES;
				CLANG_ENABLE_OBJC_WEAK = YES;
				CLANG_WARN_BLOCK_CAPTURE_AUTORELEASING = YES;
				CLANG_WARN_BOOL_CONVERSION = YES;
				CLANG_WARN_COMMA = YES;
				CLANG_WARN_CONSTANT_CONVERSION = YES;
				CLANG_WARN_DEPRECATED_OBJC_IMPLEMENTATIONS = YES;
				CLANG_WARN_DIRECT_OBJC_ISA_USAGE = YES_ERROR;
				CLANG_WARN_DOCUMENTATION_COMMENTS = YES;
				CLANG_WARN_EMPTY_BODY = YES;
				CLANG_WARN_ENUM_CONVERSION = YES;
				CLANG_WARN_INFINITE_RECURSION = YES;
				CLANG_WARN_INT_CONVERSION = YES;
				CLANG_WARN_NON_LITERAL_NULL_CONVERSION = YES;
				CLANG_WARN_OBJC_IMPLICIT_RETAIN_SELF = YES;
				CLANG_WARN_OBJC_LITERAL_CONVERSION = YES;
				CLANG_WARN_OBJC_ROOT_CLASS = YES_ERROR;
				CLANG_WARN_QUOTED_INCLUDE_IN_FRAMEWORK_HEADER = YES;
				CLANG_WARN_RANGE_LOOP_ANALYSIS = YES;
				CLANG_WARN_STRICT_PROTOTYPES = YES;
				CLANG_WARN_SUSPICIOUS_MOVE = YES;
				CLANG_WARN_UNGUARDED_AVAILABILITY = YES_AGGRESSIVE;
				CLANG_WARN_UNREACHABLE_CODE = YES;
				CLANG_WARN__DUPLICATE_METHOD_MATCH = YES;
				COPY_PHASE_STRIP = NO;
				DEBUG_INFORMATION_FORMAT = dwarf;
				ENABLE_STRICT_OBJC_MSGSEND = YES;
				ENABLE_TESTABILITY = YES;
				ENABLE_USER_SCRIPT_SANDBOXING = YES;
				GCC_C_LANGUAGE_STANDARD = gnu17;
				GCC_DYNAMIC_NO_PIC = NO;
				GCC_NO_COMMON_BLOCKS = YES;
				GCC_OPTIMIZATION_LEVEL = 0;
				GCC_PREPROCESSOR_DEFINITIONS = (
					"DEBUG=1",
					"$(inherited)",
				);
				GCC_WARN_64_TO_32_BIT_CONVERSION = YES;
				GCC_WARN_ABOUT_RETURN_TYPE = YES_ERROR;
				GCC_WARN_UNDECLARED_SELECTOR = YES;
				GCC_WARN_UNINITIALIZED_AUTOS = YES_AGGRESSIVE;
				GCC_WARN_UNUSED_FUNCTION = YES;
				GCC_WARN_UNUSED_VARIABLE = YES;
				LOCALIZATION_PREFERS_STRING_CATALOGS = YES;
				MTL_ENABLE_DEBUG_INFO = INCLUDE_SOURCE;
				MTL_FAST_MATH = YES;
				ONLY_ACTIVE_ARCH = YES;
				"PRODUCT_BUNDLE_IDENTIFIER[sdk=*]" = "Hayashi.PDS-App\n";
				SWIFT_ACTIVE_COMPILATION_CONDITIONS = "DEBUG $(inherited)";
				SWIFT_OPTIMIZATION_LEVEL = "-Onone";
			};
			name = Debug;
		};
		6FA58A3A2D14F2E2000EB4FF /* Release */ = {
			isa = XCBuildConfiguration;
			buildSettings = {
				ALWAYS_SEARCH_USER_PATHS = NO;
				ASSETCATALOG_COMPILER_GENERATE_SWIFT_ASSET_SYMBOL_EXTENSIONS = YES;
				CLANG_ANALYZER_NONNULL = YES;
				CLANG_ANALYZER_NUMBER_OBJECT_CONVERSION = YES_AGGRESSIVE;
				CLANG_CXX_LANGUAGE_STANDARD = "gnu++20";
				CLANG_ENABLE_MODULES = YES;
				CLANG_ENABLE_OBJC_ARC = YES;
				CLANG_ENABLE_OBJC_WEAK = YES;
				CLANG_WARN_BLOCK_CAPTURE_AUTORELEASING = YES;
				CLANG_WARN_BOOL_CONVERSION = YES;
				CLANG_WARN_COMMA = YES;
				CLANG_WARN_CONSTANT_CONVERSION = YES;
				CLANG_WARN_DEPRECATED_OBJC_IMPLEMENTATIONS = YES;
				CLANG_WARN_DIRECT_OBJC_ISA_USAGE = YES_ERROR;
				CLANG_WARN_DOCUMENTATION_COMMENTS = YES;
				CLANG_WARN_EMPTY_BODY = YES;
				CLANG_WARN_ENUM_CONVERSION = YES;
				CLANG_WARN_INFINITE_RECURSION = YES;
				CLANG_WARN_INT_CONVERSION = YES;
				CLANG_WARN_NON_LITERAL_NULL_CONVERSION = YES;
				CLANG_WARN_OBJC_IMPLICIT_RETAIN_SELF = YES;
				CLANG_WARN_OBJC_LITERAL_CONVERSION = YES;
				CLANG_WARN_OBJC_ROOT_CLASS = YES_ERROR;
				CLANG_WARN_QUOTED_INCLUDE_IN_FRAMEWORK_HEADER = YES;
				CLANG_WARN_RANGE_LOOP_ANALYSIS = YES;
				CLANG_WARN_STRICT_PROTOTYPES = YES;
				CLANG_WARN_SUSPICIOUS_MOVE = YES;
				CLANG_WARN_UNGUARDED_AVAILABILITY = YES_AGGRESSIVE;
				CLANG_WARN_UNREACHABLE_CODE = YES;
				CLANG_WARN__DUPLICATE_METHOD_MATCH = YES;
				COPY_PHASE_STRIP = NO;
				DEBUG_INFORMATION_FORMAT = "dwarf-with-dsym";
				ENABLE_NS_ASSERTIONS = NO;
				ENABLE_STRICT_OBJC_MSGSEND = YES;
				ENABLE_USER_SCRIPT_SANDBOXING = YES;
				GCC_C_LANGUAGE_STANDARD = gnu17;
				GCC_NO_COMMON_BLOCKS = YES;
				GCC_WARN_64_TO_32_BIT_CONVERSION = YES;
				GCC_WARN_ABOUT_RETURN_TYPE = YES_ERROR;
				GCC_WARN_UNDECLARED_SELECTOR = YES;
				GCC_WARN_UNINITIALIZED_AUTOS = YES_AGGRESSIVE;
				GCC_WARN_UNUSED_FUNCTION = YES;
				GCC_WARN_UNUSED_VARIABLE = YES;
				LOCALIZATION_PREFERS_STRING_CATALOGS = YES;
				MTL_ENABLE_DEBUG_INFO = NO;
				MTL_FAST_MATH = YES;
				"PRODUCT_BUNDLE_IDENTIFIER[sdk=*]" = "Hayashi.PDS-App\n";
				SWIFT_COMPILATION_MODE = wholemodule;
			};
			name = Release;
		};
		6FA58A3C2D14F2E2000EB4FF /* Debug */ = {
			isa = XCBuildConfiguration;
			buildSettings = {
				ASSETCATALOG_COMPILER_APPICON_NAME = AppIcon;
				ASSETCATALOG_COMPILER_GLOBAL_ACCENT_COLOR_NAME = AccentColor;
				CODE_SIGN_ENTITLEMENTS = PDS_App/PDS_App.entitlements;
				CODE_SIGN_STYLE = Automatic;
				CURRENT_PROJECT_VERSION = 1;
				DEVELOPMENT_ASSET_PATHS = "\"PDS_App/Preview Content\"";
				DEVELOPMENT_TEAM = 8ZH8S26J77;
				ENABLE_HARDENED_RUNTIME = YES;
				ENABLE_PREVIEWS = YES;
				GENERATE_INFOPLIST_FILE = YES;
				INFOPLIST_FILE = "PDS-App-Info.plist";
				INFOPLIST_KEY_NSHealthShareUsageDescription = "Health data will be updated to reflect your fitness progress and goals.";
				INFOPLIST_KEY_NSHealthUpdateUsageDescription = "Health data will be used to track your fitness progress and provide personalized insights.";
				"INFOPLIST_KEY_UIApplicationSceneManifest_Generation[sdk=iphoneos*]" = YES;
				"INFOPLIST_KEY_UIApplicationSceneManifest_Generation[sdk=iphonesimulator*]" = YES;
				"INFOPLIST_KEY_UIApplicationSupportsIndirectInputEvents[sdk=iphoneos*]" = YES;
				"INFOPLIST_KEY_UIApplicationSupportsIndirectInputEvents[sdk=iphonesimulator*]" = YES;
				"INFOPLIST_KEY_UILaunchScreen_Generation[sdk=iphoneos*]" = YES;
				"INFOPLIST_KEY_UILaunchScreen_Generation[sdk=iphonesimulator*]" = YES;
				"INFOPLIST_KEY_UIStatusBarStyle[sdk=iphoneos*]" = UIStatusBarStyleDefault;
				"INFOPLIST_KEY_UIStatusBarStyle[sdk=iphonesimulator*]" = UIStatusBarStyleDefault;
				INFOPLIST_KEY_UISupportedInterfaceOrientations_iPad = "UIInterfaceOrientationPortrait UIInterfaceOrientationPortraitUpsideDown UIInterfaceOrientationLandscapeLeft UIInterfaceOrientationLandscapeRight";
				INFOPLIST_KEY_UISupportedInterfaceOrientations_iPhone = "UIInterfaceOrientationPortrait UIInterfaceOrientationLandscapeLeft UIInterfaceOrientationLandscapeRight";
				IPHONEOS_DEPLOYMENT_TARGET = 18.2;
				LD_RUNPATH_SEARCH_PATHS = "@executable_path/Frameworks";
				"LD_RUNPATH_SEARCH_PATHS[sdk=macosx*]" = "@executable_path/../Frameworks";
				MACOSX_DEPLOYMENT_TARGET = 15.1;
				MARKETING_VERSION = 1.0;
				PRODUCT_BUNDLE_IDENTIFIER = "Hayashi.PDS-App";
				PRODUCT_NAME = "$(TARGET_NAME)";
				SDKROOT = auto;
				SUPPORTED_PLATFORMS = "iphoneos iphonesimulator macosx xros xrsimulator";
				SWIFT_EMIT_LOC_STRINGS = YES;
				SWIFT_VERSION = 5.0;
				TARGETED_DEVICE_FAMILY = "1,2,7";
				XROS_DEPLOYMENT_TARGET = 2.2;
			};
			name = Debug;
		};
		6FA58A3D2D14F2E2000EB4FF /* Release */ = {
			isa = XCBuildConfiguration;
			buildSettings = {
				ASSETCATALOG_COMPILER_APPICON_NAME = AppIcon;
				ASSETCATALOG_COMPILER_GLOBAL_ACCENT_COLOR_NAME = AccentColor;
				CODE_SIGN_ENTITLEMENTS = PDS_App/PDS_App.entitlements;
				CODE_SIGN_STYLE = Automatic;
				CURRENT_PROJECT_VERSION = 1;
				DEVELOPMENT_ASSET_PATHS = "\"PDS_App/Preview Content\"";
				DEVELOPMENT_TEAM = 8ZH8S26J77;
				ENABLE_HARDENED_RUNTIME = YES;
				ENABLE_PREVIEWS = YES;
				GENERATE_INFOPLIST_FILE = YES;
				INFOPLIST_FILE = "PDS-App-Info.plist";
				INFOPLIST_KEY_NSHealthShareUsageDescription = "Health data will be updated to reflect your fitness progress and goals.";
				INFOPLIST_KEY_NSHealthUpdateUsageDescription = "Health data will be used to track your fitness progress and provide personalized insights.";
				"INFOPLIST_KEY_UIApplicationSceneManifest_Generation[sdk=iphoneos*]" = YES;
				"INFOPLIST_KEY_UIApplicationSceneManifest_Generation[sdk=iphonesimulator*]" = YES;
				"INFOPLIST_KEY_UIApplicationSupportsIndirectInputEvents[sdk=iphoneos*]" = YES;
				"INFOPLIST_KEY_UIApplicationSupportsIndirectInputEvents[sdk=iphonesimulator*]" = YES;
				"INFOPLIST_KEY_UILaunchScreen_Generation[sdk=iphoneos*]" = YES;
				"INFOPLIST_KEY_UILaunchScreen_Generation[sdk=iphonesimulator*]" = YES;
				"INFOPLIST_KEY_UIStatusBarStyle[sdk=iphoneos*]" = UIStatusBarStyleDefault;
				"INFOPLIST_KEY_UIStatusBarStyle[sdk=iphonesimulator*]" = UIStatusBarStyleDefault;
				INFOPLIST_KEY_UISupportedInterfaceOrientations_iPad = "UIInterfaceOrientationPortrait UIInterfaceOrientationPortraitUpsideDown UIInterfaceOrientationLandscapeLeft UIInterfaceOrientationLandscapeRight";
				INFOPLIST_KEY_UISupportedInterfaceOrientations_iPhone = "UIInterfaceOrientationPortrait UIInterfaceOrientationLandscapeLeft UIInterfaceOrientationLandscapeRight";
				IPHONEOS_DEPLOYMENT_TARGET = 18.2;
				LD_RUNPATH_SEARCH_PATHS = "@executable_path/Frameworks";
				"LD_RUNPATH_SEARCH_PATHS[sdk=macosx*]" = "@executable_path/../Frameworks";
				MACOSX_DEPLOYMENT_TARGET = 15.1;
				MARKETING_VERSION = 1.0;
				PRODUCT_BUNDLE_IDENTIFIER = "Hayashi.PDS-App";
				PRODUCT_NAME = "$(TARGET_NAME)";
				SDKROOT = auto;
				SUPPORTED_PLATFORMS = "iphoneos iphonesimulator macosx xros xrsimulator";
				SWIFT_EMIT_LOC_STRINGS = YES;
				SWIFT_VERSION = 5.0;
				TARGETED_DEVICE_FAMILY = "1,2,7";
				XROS_DEPLOYMENT_TARGET = 2.2;
			};
			name = Release;
		};
		6FA58A3F2D14F2E2000EB4FF /* Debug */ = {
			isa = XCBuildConfiguration;
			buildSettings = {
				BUNDLE_LOADER = "$(TEST_HOST)";
				CODE_SIGN_STYLE = Automatic;
				CURRENT_PROJECT_VERSION = 1;
				DEVELOPMENT_TEAM = 8ZH8S26J77;
				GENERATE_INFOPLIST_FILE = YES;
				IPHONEOS_DEPLOYMENT_TARGET = 18.2;
				MACOSX_DEPLOYMENT_TARGET = 15.1;
				MARKETING_VERSION = 1.0;
				PRODUCT_BUNDLE_IDENTIFIER = "Hayashi.PDS-AppTests";
				PRODUCT_NAME = "$(TARGET_NAME)";
				SDKROOT = auto;
				SUPPORTED_PLATFORMS = "iphoneos iphonesimulator macosx xros xrsimulator";
				SWIFT_EMIT_LOC_STRINGS = NO;
				SWIFT_VERSION = 5.0;
				TARGETED_DEVICE_FAMILY = "1,2,7";
				TEST_HOST = "$(BUILT_PRODUCTS_DIR)/PDS_App.app/$(BUNDLE_EXECUTABLE_FOLDER_PATH)/PDS_App";
				XROS_DEPLOYMENT_TARGET = 2.2;
			};
			name = Debug;
		};
		6FA58A402D14F2E2000EB4FF /* Release */ = {
			isa = XCBuildConfiguration;
			buildSettings = {
				BUNDLE_LOADER = "$(TEST_HOST)";
				CODE_SIGN_STYLE = Automatic;
				CURRENT_PROJECT_VERSION = 1;
				DEVELOPMENT_TEAM = 8ZH8S26J77;
				GENERATE_INFOPLIST_FILE = YES;
				IPHONEOS_DEPLOYMENT_TARGET = 18.2;
				MACOSX_DEPLOYMENT_TARGET = 15.1;
				MARKETING_VERSION = 1.0;
				PRODUCT_BUNDLE_IDENTIFIER = "Hayashi.PDS-AppTests";
				PRODUCT_NAME = "$(TARGET_NAME)";
				SDKROOT = auto;
				SUPPORTED_PLATFORMS = "iphoneos iphonesimulator macosx xros xrsimulator";
				SWIFT_EMIT_LOC_STRINGS = NO;
				SWIFT_VERSION = 5.0;
				TARGETED_DEVICE_FAMILY = "1,2,7";
				TEST_HOST = "$(BUILT_PRODUCTS_DIR)/PDS_App.app/$(BUNDLE_EXECUTABLE_FOLDER_PATH)/PDS_App";
				XROS_DEPLOYMENT_TARGET = 2.2;
			};
			name = Release;
		};
		6FA58A422D14F2E2000EB4FF /* Debug */ = {
			isa = XCBuildConfiguration;
			buildSettings = {
				CODE_SIGN_STYLE = Automatic;
				CURRENT_PROJECT_VERSION = 1;
				DEVELOPMENT_TEAM = 8ZH8S26J77;
				GENERATE_INFOPLIST_FILE = YES;
				IPHONEOS_DEPLOYMENT_TARGET = 18.2;
				MACOSX_DEPLOYMENT_TARGET = 15.1;
				MARKETING_VERSION = 1.0;
				PRODUCT_BUNDLE_IDENTIFIER = "Hayashi.PDS-AppUITests";
				PRODUCT_NAME = "$(TARGET_NAME)";
				SDKROOT = auto;
				SUPPORTED_PLATFORMS = "iphoneos iphonesimulator macosx xros xrsimulator";
				SWIFT_EMIT_LOC_STRINGS = NO;
				SWIFT_VERSION = 5.0;
				TARGETED_DEVICE_FAMILY = "1,2,7";
				TEST_TARGET_NAME = PDS_App;
				XROS_DEPLOYMENT_TARGET = 2.2;
			};
			name = Debug;
		};
		6FA58A432D14F2E2000EB4FF /* Release */ = {
			isa = XCBuildConfiguration;
			buildSettings = {
				CODE_SIGN_STYLE = Automatic;
				CURRENT_PROJECT_VERSION = 1;
				DEVELOPMENT_TEAM = 8ZH8S26J77;
				GENERATE_INFOPLIST_FILE = YES;
				IPHONEOS_DEPLOYMENT_TARGET = 18.2;
				MACOSX_DEPLOYMENT_TARGET = 15.1;
				MARKETING_VERSION = 1.0;
				PRODUCT_BUNDLE_IDENTIFIER = "Hayashi.PDS-AppUITests";
				PRODUCT_NAME = "$(TARGET_NAME)";
				SDKROOT = auto;
				SUPPORTED_PLATFORMS = "iphoneos iphonesimulator macosx xros xrsimulator";
				SWIFT_EMIT_LOC_STRINGS = NO;
				SWIFT_VERSION = 5.0;
				TARGETED_DEVICE_FAMILY = "1,2,7";
				TEST_TARGET_NAME = PDS_App;
				XROS_DEPLOYMENT_TARGET = 2.2;
			};
			name = Release;
		};
/* End XCBuildConfiguration section */

/* Begin XCConfigurationList section */
		6FA58A112D14F2E1000EB4FF /* Build configuration list for PBXProject "PDS_App" */ = {
			isa = XCConfigurationList;
			buildConfigurations = (
				6FA58A392D14F2E2000EB4FF /* Debug */,
				6FA58A3A2D14F2E2000EB4FF /* Release */,
			);
			defaultConfigurationIsVisible = 0;
			defaultConfigurationName = Release;
		};
		6FA58A3B2D14F2E2000EB4FF /* Build configuration list for PBXNativeTarget "PDS_App" */ = {
			isa = XCConfigurationList;
			buildConfigurations = (
				6FA58A3C2D14F2E2000EB4FF /* Debug */,
				6FA58A3D2D14F2E2000EB4FF /* Release */,
			);
			defaultConfigurationIsVisible = 0;
			defaultConfigurationName = Release;
		};
		6FA58A3E2D14F2E2000EB4FF /* Build configuration list for PBXNativeTarget "PDS_AppTests" */ = {
			isa = XCConfigurationList;
			buildConfigurations = (
				6FA58A3F2D14F2E2000EB4FF /* Debug */,
				6FA58A402D14F2E2000EB4FF /* Release */,
			);
			defaultConfigurationIsVisible = 0;
			defaultConfigurationName = Release;
		};
		6FA58A412D14F2E2000EB4FF /* Build configuration list for PBXNativeTarget "PDS_AppUITests" */ = {
			isa = XCConfigurationList;
			buildConfigurations = (
				6FA58A422D14F2E2000EB4FF /* Debug */,
				6FA58A432D14F2E2000EB4FF /* Release */,
			);
			defaultConfigurationIsVisible = 0;
			defaultConfigurationName = Release;
		};
/* End XCConfigurationList section */

/* Begin XCRemoteSwiftPackageReference section */
		6F39EC6C2D2CC4A800044D92 /* XCRemoteSwiftPackageReference "firebase-ios-sdk" */ = {
			isa = XCRemoteSwiftPackageReference;
			repositoryURL = "https://github.com/firebase/firebase-ios-sdk";
			requirement = {
				kind = upToNextMajorVersion;
				minimumVersion = 11.6.0;
			};
		};
		6FC771342D3FEC1D00CA7BBF /* XCRemoteSwiftPackageReference "ZIPFoundation" */ = {
			isa = XCRemoteSwiftPackageReference;
			repositoryURL = "https://github.com/weichsel/ZIPFoundation";
			requirement = {
				kind = upToNextMajorVersion;
				minimumVersion = 0.9.19;
			};
		};
/* End XCRemoteSwiftPackageReference section */

/* Begin XCSwiftPackageProductDependency section */
		6F39EC6D2D2CC4A800044D92 /* FirebaseAnalytics */ = {
			isa = XCSwiftPackageProductDependency;
			package = 6F39EC6C2D2CC4A800044D92 /* XCRemoteSwiftPackageReference "firebase-ios-sdk" */;
			productName = FirebaseAnalytics;
		};
		6F39EC6F2D2CCF5200044D92 /* FirebaseAnalyticsOnDeviceConversion */ = {
			isa = XCSwiftPackageProductDependency;
			package = 6F39EC6C2D2CC4A800044D92 /* XCRemoteSwiftPackageReference "firebase-ios-sdk" */;
			productName = FirebaseAnalyticsOnDeviceConversion;
		};
		6F39EC712D2CCF5200044D92 /* FirebaseAnalyticsWithoutAdIdSupport */ = {
			isa = XCSwiftPackageProductDependency;
			package = 6F39EC6C2D2CC4A800044D92 /* XCRemoteSwiftPackageReference "firebase-ios-sdk" */;
			productName = FirebaseAnalyticsWithoutAdIdSupport;
		};
		6F39EC732D2CCF5200044D92 /* FirebaseAppCheck */ = {
			isa = XCSwiftPackageProductDependency;
			package = 6F39EC6C2D2CC4A800044D92 /* XCRemoteSwiftPackageReference "firebase-ios-sdk" */;
			productName = FirebaseAppCheck;
		};
		6F39EC752D2CCF5200044D92 /* FirebaseAppDistribution-Beta */ = {
			isa = XCSwiftPackageProductDependency;
			package = 6F39EC6C2D2CC4A800044D92 /* XCRemoteSwiftPackageReference "firebase-ios-sdk" */;
			productName = "FirebaseAppDistribution-Beta";
		};
		6F39EC8B2D2CEF7800044D92 /* FirebaseFirestore */ = {
			isa = XCSwiftPackageProductDependency;
			package = 6F39EC6C2D2CC4A800044D92 /* XCRemoteSwiftPackageReference "firebase-ios-sdk" */;
			productName = FirebaseFirestore;
		};
		6F9B6D342D378F2600201EC3 /* FirebaseAuth */ = {
			isa = XCSwiftPackageProductDependency;
			productName = FirebaseAuth;
		};
		6F9B6D362D378F2600201EC3 /* FirebaseAuthCombine-Community */ = {
			isa = XCSwiftPackageProductDependency;
			productName = "FirebaseAuthCombine-Community";
		};
		6FC771352D3FEC1D00CA7BBF /* ZIPFoundation */ = {
			isa = XCSwiftPackageProductDependency;
			package = 6FC771342D3FEC1D00CA7BBF /* XCRemoteSwiftPackageReference "ZIPFoundation" */;
			productName = ZIPFoundation;
		};
/* End XCSwiftPackageProductDependency section */
	};
	rootObject = 6FA58A0E2D14F2E1000EB4FF /* Project object */;
}
